// !$*UTF8*$!
{
	archiveVersion = 1;
	classes = {
	};
	objectVersion = 55;
	objects = {

/* Begin PBXBuildFile section */
		1A528DDD27FC52F9007B4102 /* main.swift in Sources */ = {isa = PBXBuildFile; fileRef = 1A528DDC27FC52F9007B4102 /* main.swift */; };
		1A528DE427FC5365007B4102 /* Constants.swift in Sources */ = {isa = PBXBuildFile; fileRef = 1A528DE327FC5365007B4102 /* Constants.swift */; };
		1A528DE627FC53A2007B4102 /* Helpers.swift in Sources */ = {isa = PBXBuildFile; fileRef = 1A528DE527FC53A2007B4102 /* Helpers.swift */; };
		1A528DE827FC53C7007B4102 /* CustomTypes.swift in Sources */ = {isa = PBXBuildFile; fileRef = 1A528DE727FC53C7007B4102 /* CustomTypes.swift */; };
		1A528DEA27FC58D3007B4102 /* Solver.swift in Sources */ = {isa = PBXBuildFile; fileRef = 1A528DE927FC58D3007B4102 /* Solver.swift */; };
		1A528DF527FC6034007B4102 /* Sudoku_Solver_Tests.swift in Sources */ = {isa = PBXBuildFile; fileRef = 1A528DF427FC6034007B4102 /* Sudoku_Solver_Tests.swift */; };
		1A528DFA27FC60CA007B4102 /* Constants.swift in Sources */ = {isa = PBXBuildFile; fileRef = 1A528DE327FC5365007B4102 /* Constants.swift */; };
		1A528DFB27FC60D1007B4102 /* Helpers.swift in Sources */ = {isa = PBXBuildFile; fileRef = 1A528DE527FC53A2007B4102 /* Helpers.swift */; };
		1A528DFC27FC60D3007B4102 /* CustomTypes.swift in Sources */ = {isa = PBXBuildFile; fileRef = 1A528DE727FC53C7007B4102 /* CustomTypes.swift */; };
		1A528DFD27FC60D6007B4102 /* Solver.swift in Sources */ = {isa = PBXBuildFile; fileRef = 1A528DE927FC58D3007B4102 /* Solver.swift */; };
		1A528E0527FC68B4007B4102 /* main.swift in Sources */ = {isa = PBXBuildFile; fileRef = 1A528E0427FC68B4007B4102 /* main.swift */; };
		1A528E0A27FC68CC007B4102 /* Constants.swift in Sources */ = {isa = PBXBuildFile; fileRef = 1A528DE327FC5365007B4102 /* Constants.swift */; };
		1A528E0B27FC68D4007B4102 /* Helpers.swift in Sources */ = {isa = PBXBuildFile; fileRef = 1A528DE527FC53A2007B4102 /* Helpers.swift */; };
		1A528E0C27FC68E1007B4102 /* CustomTypes.swift in Sources */ = {isa = PBXBuildFile; fileRef = 1A528DE727FC53C7007B4102 /* CustomTypes.swift */; };
		1A528E0E27FC6942007B4102 /* GridGenerator.swift in Sources */ = {isa = PBXBuildFile; fileRef = 1A528E0D27FC6942007B4102 /* GridGenerator.swift */; };
		1A528E0F27FC6D37007B4102 /* Solver.swift in Sources */ = {isa = PBXBuildFile; fileRef = 1A528DE927FC58D3007B4102 /* Solver.swift */; };
/* End PBXBuildFile section */

/* Begin PBXCopyFilesBuildPhase section */
		1A528DD727FC52F9007B4102 /* CopyFiles */ = {
			isa = PBXCopyFilesBuildPhase;
			buildActionMask = 2147483647;
			dstPath = /usr/share/man/man1/;
			dstSubfolderSpec = 0;
			files = (
			);
			runOnlyForDeploymentPostprocessing = 1;
		};
		1A528E0027FC68B4007B4102 /* CopyFiles */ = {
			isa = PBXCopyFilesBuildPhase;
			buildActionMask = 2147483647;
			dstPath = /usr/share/man/man1/;
			dstSubfolderSpec = 0;
			files = (
			);
			runOnlyForDeploymentPostprocessing = 1;
		};
/* End PBXCopyFilesBuildPhase section */

/* Begin PBXFileReference section */
		1A528DD927FC52F9007B4102 /* Sudoku Solver */ = {isa = PBXFileReference; explicitFileType = "compiled.mach-o.executable"; includeInIndex = 0; path = "Sudoku Solver"; sourceTree = BUILT_PRODUCTS_DIR; };
		1A528DDC27FC52F9007B4102 /* main.swift */ = {isa = PBXFileReference; lastKnownFileType = sourcecode.swift; path = main.swift; sourceTree = "<group>"; };
		1A528DE327FC5365007B4102 /* Constants.swift */ = {isa = PBXFileReference; lastKnownFileType = sourcecode.swift; path = Constants.swift; sourceTree = "<group>"; };
		1A528DE527FC53A2007B4102 /* Helpers.swift */ = {isa = PBXFileReference; lastKnownFileType = sourcecode.swift; path = Helpers.swift; sourceTree = "<group>"; };
		1A528DE727FC53C7007B4102 /* CustomTypes.swift */ = {isa = PBXFileReference; lastKnownFileType = sourcecode.swift; path = CustomTypes.swift; sourceTree = "<group>"; };
		1A528DE927FC58D3007B4102 /* Solver.swift */ = {isa = PBXFileReference; lastKnownFileType = sourcecode.swift; path = Solver.swift; sourceTree = "<group>"; };
		1A528DF227FC6034007B4102 /* Sudoku Solver Tests.xctest */ = {isa = PBXFileReference; explicitFileType = wrapper.cfbundle; includeInIndex = 0; path = "Sudoku Solver Tests.xctest"; sourceTree = BUILT_PRODUCTS_DIR; };
		1A528DF427FC6034007B4102 /* Sudoku_Solver_Tests.swift */ = {isa = PBXFileReference; lastKnownFileType = sourcecode.swift; path = Sudoku_Solver_Tests.swift; sourceTree = "<group>"; };
		1A528E0227FC68B4007B4102 /* Sudoku Generator */ = {isa = PBXFileReference; explicitFileType = "compiled.mach-o.executable"; includeInIndex = 0; path = "Sudoku Generator"; sourceTree = BUILT_PRODUCTS_DIR; };
		1A528E0427FC68B4007B4102 /* main.swift */ = {isa = PBXFileReference; lastKnownFileType = sourcecode.swift; path = main.swift; sourceTree = "<group>"; };
		1A528E0D27FC6942007B4102 /* GridGenerator.swift */ = {isa = PBXFileReference; lastKnownFileType = sourcecode.swift; path = GridGenerator.swift; sourceTree = "<group>"; };
/* End PBXFileReference section */

/* Begin PBXFrameworksBuildPhase section */
		1A528DD627FC52F9007B4102 /* Frameworks */ = {
			isa = PBXFrameworksBuildPhase;
			buildActionMask = 2147483647;
			files = (
			);
			runOnlyForDeploymentPostprocessing = 0;
		};
		1A528DEF27FC6034007B4102 /* Frameworks */ = {
			isa = PBXFrameworksBuildPhase;
			buildActionMask = 2147483647;
			files = (
			);
			runOnlyForDeploymentPostprocessing = 0;
		};
		1A528DFF27FC68B4007B4102 /* Frameworks */ = {
			isa = PBXFrameworksBuildPhase;
			buildActionMask = 2147483647;
			files = (
			);
			runOnlyForDeploymentPostprocessing = 0;
		};
/* End PBXFrameworksBuildPhase section */

/* Begin PBXGroup section */
		1A528DD027FC52F9007B4102 = {
			isa = PBXGroup;
			children = (
				1A528E0927FC68BF007B4102 /* Shared Code */,
				1A528DDB27FC52F9007B4102 /* Sudoku Solver */,
				1A528DF327FC6034007B4102 /* Sudoku Solver Tests */,
				1A528E0327FC68B4007B4102 /* Sudoku Generator */,
				1A528DDA27FC52F9007B4102 /* Products */,
			);
			sourceTree = "<group>";
		};
		1A528DDA27FC52F9007B4102 /* Products */ = {
			isa = PBXGroup;
			children = (
				1A528DD927FC52F9007B4102 /* Sudoku Solver */,
				1A528DF227FC6034007B4102 /* Sudoku Solver Tests.xctest */,
				1A528E0227FC68B4007B4102 /* Sudoku Generator */,
			);
			name = Products;
			sourceTree = "<group>";
		};
		1A528DDB27FC52F9007B4102 /* Sudoku Solver */ = {
			isa = PBXGroup;
			children = (
				1A528DDC27FC52F9007B4102 /* main.swift */,
			);
			path = "Sudoku Solver";
			sourceTree = "<group>";
		};
		1A528DF327FC6034007B4102 /* Sudoku Solver Tests */ = {
			isa = PBXGroup;
			children = (
				1A528DF427FC6034007B4102 /* Sudoku_Solver_Tests.swift */,
			);
			path = "Sudoku Solver Tests";
			sourceTree = "<group>";
		};
		1A528E0327FC68B4007B4102 /* Sudoku Generator */ = {
			isa = PBXGroup;
			children = (
				1A528E0427FC68B4007B4102 /* main.swift */,
				1A528E0D27FC6942007B4102 /* GridGenerator.swift */,
			);
			path = "Sudoku Generator";
			sourceTree = "<group>";
		};
		1A528E0927FC68BF007B4102 /* Shared Code */ = {
			isa = PBXGroup;
			children = (
				1A528DE327FC5365007B4102 /* Constants.swift */,
				1A528DE727FC53C7007B4102 /* CustomTypes.swift */,
				1A528DE527FC53A2007B4102 /* Helpers.swift */,
				1A528DE927FC58D3007B4102 /* Solver.swift */,
			);
			path = "Shared Code";
			sourceTree = "<group>";
		};
/* End PBXGroup section */

/* Begin PBXNativeTarget section */
		1A528DD827FC52F9007B4102 /* Sudoku Solver */ = {
			isa = PBXNativeTarget;
			buildConfigurationList = 1A528DE027FC52F9007B4102 /* Build configuration list for PBXNativeTarget "Sudoku Solver" */;
			buildPhases = (
				1A528DD527FC52F9007B4102 /* Sources */,
				1A528DD627FC52F9007B4102 /* Frameworks */,
				1A528DD727FC52F9007B4102 /* CopyFiles */,
			);
			buildRules = (
			);
			dependencies = (
			);
			name = "Sudoku Solver";
			productName = "Sudoku Solver";
			productReference = 1A528DD927FC52F9007B4102 /* Sudoku Solver */;
			productType = "com.apple.product-type.tool";
		};
		1A528DF127FC6034007B4102 /* Sudoku Solver Tests */ = {
			isa = PBXNativeTarget;
			buildConfigurationList = 1A528DF627FC6034007B4102 /* Build configuration list for PBXNativeTarget "Sudoku Solver Tests" */;
			buildPhases = (
				1A528DEE27FC6034007B4102 /* Sources */,
				1A528DEF27FC6034007B4102 /* Frameworks */,
				1A528DF027FC6034007B4102 /* Resources */,
			);
			buildRules = (
			);
			dependencies = (
			);
			name = "Sudoku Solver Tests";
			productName = "Sudoku Solver Tests";
			productReference = 1A528DF227FC6034007B4102 /* Sudoku Solver Tests.xctest */;
			productType = "com.apple.product-type.bundle.unit-test";
		};
		1A528E0127FC68B4007B4102 /* Sudoku Generator */ = {
			isa = PBXNativeTarget;
			buildConfigurationList = 1A528E0627FC68B4007B4102 /* Build configuration list for PBXNativeTarget "Sudoku Generator" */;
			buildPhases = (
				1A528DFE27FC68B4007B4102 /* Sources */,
				1A528DFF27FC68B4007B4102 /* Frameworks */,
				1A528E0027FC68B4007B4102 /* CopyFiles */,
			);
			buildRules = (
			);
			dependencies = (
			);
			name = "Sudoku Generator";
			productName = "Sudoku Generator";
			productReference = 1A528E0227FC68B4007B4102 /* Sudoku Generator */;
			productType = "com.apple.product-type.tool";
		};
/* End PBXNativeTarget section */

/* Begin PBXProject section */
		1A528DD127FC52F9007B4102 /* Project object */ = {
			isa = PBXProject;
			attributes = {
				BuildIndependentTargetsInParallel = 1;
				LastSwiftUpdateCheck = 1310;
				LastUpgradeCheck = 1310;
				TargetAttributes = {
					1A528DD827FC52F9007B4102 = {
						CreatedOnToolsVersion = 13.1;
					};
					1A528DF127FC6034007B4102 = {
						CreatedOnToolsVersion = 13.1;
					};
					1A528E0127FC68B4007B4102 = {
						CreatedOnToolsVersion = 13.1;
					};
				};
			};
			buildConfigurationList = 1A528DD427FC52F9007B4102 /* Build configuration list for PBXProject "Sudoku" */;
			compatibilityVersion = "Xcode 13.0";
			developmentRegion = en;
			hasScannedForEncodings = 0;
			knownRegions = (
				en,
				Base,
			);
			mainGroup = 1A528DD027FC52F9007B4102;
			productRefGroup = 1A528DDA27FC52F9007B4102 /* Products */;
			projectDirPath = "";
			projectRoot = "";
			targets = (
				1A528DD827FC52F9007B4102 /* Sudoku Solver */,
				1A528DF127FC6034007B4102 /* Sudoku Solver Tests */,
				1A528E0127FC68B4007B4102 /* Sudoku Generator */,
			);
		};
/* End PBXProject section */

/* Begin PBXResourcesBuildPhase section */
		1A528DF027FC6034007B4102 /* Resources */ = {
			isa = PBXResourcesBuildPhase;
			buildActionMask = 2147483647;
			files = (
			);
			runOnlyForDeploymentPostprocessing = 0;
		};
/* End PBXResourcesBuildPhase section */

/* Begin PBXSourcesBuildPhase section */
		1A528DD527FC52F9007B4102 /* Sources */ = {
			isa = PBXSourcesBuildPhase;
			buildActionMask = 2147483647;
			files = (
				1A528DEA27FC58D3007B4102 /* Solver.swift in Sources */,
				1A528DE827FC53C7007B4102 /* CustomTypes.swift in Sources */,
				1A528DDD27FC52F9007B4102 /* main.swift in Sources */,
				1A528DE627FC53A2007B4102 /* Helpers.swift in Sources */,
				1A528DE427FC5365007B4102 /* Constants.swift in Sources */,
			);
			runOnlyForDeploymentPostprocessing = 0;
		};
		1A528DEE27FC6034007B4102 /* Sources */ = {
			isa = PBXSourcesBuildPhase;
			buildActionMask = 2147483647;
			files = (
				1A528DFD27FC60D6007B4102 /* Solver.swift in Sources */,
				1A528DFC27FC60D3007B4102 /* CustomTypes.swift in Sources */,
				1A528DF527FC6034007B4102 /* Sudoku_Solver_Tests.swift in Sources */,
				1A528DFB27FC60D1007B4102 /* Helpers.swift in Sources */,
				1A528DFA27FC60CA007B4102 /* Constants.swift in Sources */,
			);
			runOnlyForDeploymentPostprocessing = 0;
		};
		1A528DFE27FC68B4007B4102 /* Sources */ = {
			isa = PBXSourcesBuildPhase;
			buildActionMask = 2147483647;
			files = (
				1A528E0C27FC68E1007B4102 /* CustomTypes.swift in Sources */,
				1A528E0527FC68B4007B4102 /* main.swift in Sources */,
				1A528E0F27FC6D37007B4102 /* Solver.swift in Sources */,
				1A528E0E27FC6942007B4102 /* GridGenerator.swift in Sources */,
				1A528E0B27FC68D4007B4102 /* Helpers.swift in Sources */,
				1A528E0A27FC68CC007B4102 /* Constants.swift in Sources */,
			);
			runOnlyForDeploymentPostprocessing = 0;
		};
/* End PBXSourcesBuildPhase section */

/* Begin XCBuildConfiguration section */
		1A528DDE27FC52F9007B4102 /* Debug */ = {
			isa = XCBuildConfiguration;
			buildSettings = {
				ALWAYS_SEARCH_USER_PATHS = NO;
				CLANG_ANALYZER_NONNULL = YES;
				CLANG_ANALYZER_NUMBER_OBJECT_CONVERSION = YES_AGGRESSIVE;
				CLANG_CXX_LANGUAGE_STANDARD = "gnu++17";
				CLANG_CXX_LIBRARY = "libc++";
				CLANG_ENABLE_MODULES = YES;
				CLANG_ENABLE_OBJC_ARC = YES;
				CLANG_ENABLE_OBJC_WEAK = YES;
				CLANG_WARN_BLOCK_CAPTURE_AUTORELEASING = YES;
				CLANG_WARN_BOOL_CONVERSION = YES;
				CLANG_WARN_COMMA = YES;
				CLANG_WARN_CONSTANT_CONVERSION = YES;
				CLANG_WARN_DEPRECATED_OBJC_IMPLEMENTATIONS = YES;
				CLANG_WARN_DIRECT_OBJC_ISA_USAGE = YES_ERROR;
				CLANG_WARN_DOCUMENTATION_COMMENTS = YES;
				CLANG_WARN_EMPTY_BODY = YES;
				CLANG_WARN_ENUM_CONVERSION = YES;
				CLANG_WARN_INFINITE_RECURSION = YES;
				CLANG_WARN_INT_CONVERSION = YES;
				CLANG_WARN_NON_LITERAL_NULL_CONVERSION = YES;
				CLANG_WARN_OBJC_IMPLICIT_RETAIN_SELF = YES;
				CLANG_WARN_OBJC_LITERAL_CONVERSION = YES;
				CLANG_WARN_OBJC_ROOT_CLASS = YES_ERROR;
				CLANG_WARN_QUOTED_INCLUDE_IN_FRAMEWORK_HEADER = YES;
				CLANG_WARN_RANGE_LOOP_ANALYSIS = YES;
				CLANG_WARN_STRICT_PROTOTYPES = YES;
				CLANG_WARN_SUSPICIOUS_MOVE = YES;
				CLANG_WARN_UNGUARDED_AVAILABILITY = YES_AGGRESSIVE;
				CLANG_WARN_UNREACHABLE_CODE = YES;
				CLANG_WARN__DUPLICATE_METHOD_MATCH = YES;
				COPY_PHASE_STRIP = NO;
				DEBUG_INFORMATION_FORMAT = dwarf;
				ENABLE_STRICT_OBJC_MSGSEND = YES;
				ENABLE_TESTABILITY = YES;
				GCC_C_LANGUAGE_STANDARD = gnu11;
				GCC_DYNAMIC_NO_PIC = NO;
				GCC_NO_COMMON_BLOCKS = YES;
				GCC_OPTIMIZATION_LEVEL = 0;
				GCC_PREPROCESSOR_DEFINITIONS = (
					"DEBUG=1",
					"$(inherited)",
				);
				GCC_WARN_64_TO_32_BIT_CONVERSION = YES;
				GCC_WARN_ABOUT_RETURN_TYPE = YES_ERROR;
				GCC_WARN_UNDECLARED_SELECTOR = YES;
				GCC_WARN_UNINITIALIZED_AUTOS = YES_AGGRESSIVE;
				GCC_WARN_UNUSED_FUNCTION = YES;
				GCC_WARN_UNUSED_VARIABLE = YES;
				MACOSX_DEPLOYMENT_TARGET = 12.0;
				MTL_ENABLE_DEBUG_INFO = INCLUDE_SOURCE;
				MTL_FAST_MATH = YES;
				ONLY_ACTIVE_ARCH = YES;
				SDKROOT = macosx;
				SWIFT_ACTIVE_COMPILATION_CONDITIONS = DEBUG;
				SWIFT_OPTIMIZATION_LEVEL = "-Onone";
			};
			name = Debug;
		};
		1A528DDF27FC52F9007B4102 /* Release */ = {
			isa = XCBuildConfiguration;
			buildSettings = {
				ALWAYS_SEARCH_USER_PATHS = NO;
				CLANG_ANALYZER_NONNULL = YES;
				CLANG_ANALYZER_NUMBER_OBJECT_CONVERSION = YES_AGGRESSIVE;
				CLANG_CXX_LANGUAGE_STANDARD = "gnu++17";
				CLANG_CXX_LIBRARY = "libc++";
				CLANG_ENABLE_MODULES = YES;
				CLANG_ENABLE_OBJC_ARC = YES;
				CLANG_ENABLE_OBJC_WEAK = YES;
				CLANG_WARN_BLOCK_CAPTURE_AUTORELEASING = YES;
				CLANG_WARN_BOOL_CONVERSION = YES;
				CLANG_WARN_COMMA = YES;
				CLANG_WARN_CONSTANT_CONVERSION = YES;
				CLANG_WARN_DEPRECATED_OBJC_IMPLEMENTATIONS = YES;
				CLANG_WARN_DIRECT_OBJC_ISA_USAGE = YES_ERROR;
				CLANG_WARN_DOCUMENTATION_COMMENTS = YES;
				CLANG_WARN_EMPTY_BODY = YES;
				CLANG_WARN_ENUM_CONVERSION = YES;
				CLANG_WARN_INFINITE_RECURSION = YES;
				CLANG_WARN_INT_CONVERSION = YES;
				CLANG_WARN_NON_LITERAL_NULL_CONVERSION = YES;
				CLANG_WARN_OBJC_IMPLICIT_RETAIN_SELF = YES;
				CLANG_WARN_OBJC_LITERAL_CONVERSION = YES;
				CLANG_WARN_OBJC_ROOT_CLASS = YES_ERROR;
				CLANG_WARN_QUOTED_INCLUDE_IN_FRAMEWORK_HEADER = YES;
				CLANG_WARN_RANGE_LOOP_ANALYSIS = YES;
				CLANG_WARN_STRICT_PROTOTYPES = YES;
				CLANG_WARN_SUSPICIOUS_MOVE = YES;
				CLANG_WARN_UNGUARDED_AVAILABILITY = YES_AGGRESSIVE;
				CLANG_WARN_UNREACHABLE_CODE = YES;
				CLANG_WARN__DUPLICATE_METHOD_MATCH = YES;
				COPY_PHASE_STRIP = NO;
				DEBUG_INFORMATION_FORMAT = "dwarf-with-dsym";
				ENABLE_NS_ASSERTIONS = NO;
				ENABLE_STRICT_OBJC_MSGSEND = YES;
				GCC_C_LANGUAGE_STANDARD = gnu11;
				GCC_NO_COMMON_BLOCKS = YES;
				GCC_WARN_64_TO_32_BIT_CONVERSION = YES;
				GCC_WARN_ABOUT_RETURN_TYPE = YES_ERROR;
				GCC_WARN_UNDECLARED_SELECTOR = YES;
				GCC_WARN_UNINITIALIZED_AUTOS = YES_AGGRESSIVE;
				GCC_WARN_UNUSED_FUNCTION = YES;
				GCC_WARN_UNUSED_VARIABLE = YES;
				MACOSX_DEPLOYMENT_TARGET = 12.0;
				MTL_ENABLE_DEBUG_INFO = NO;
				MTL_FAST_MATH = YES;
				SDKROOT = macosx;
				SWIFT_COMPILATION_MODE = wholemodule;
				SWIFT_OPTIMIZATION_LEVEL = "-O";
			};
			name = Release;
		};
		1A528DE127FC52F9007B4102 /* Debug */ = {
			isa = XCBuildConfiguration;
			buildSettings = {
				CODE_SIGN_STYLE = Automatic;
				DEVELOPMENT_TEAM = H692JC22H4;
				ENABLE_HARDENED_RUNTIME = YES;
				PRODUCT_NAME = "$(TARGET_NAME)";
				SWIFT_VERSION = 5.0;
			};
			name = Debug;
		};
		1A528DE227FC52F9007B4102 /* Release */ = {
			isa = XCBuildConfiguration;
			buildSettings = {
				CODE_SIGN_STYLE = Automatic;
				DEVELOPMENT_TEAM = H692JC22H4;
				ENABLE_HARDENED_RUNTIME = YES;
				PRODUCT_NAME = "$(TARGET_NAME)";
				SWIFT_VERSION = 5.0;
			};
			name = Release;
		};
		1A528DF727FC6034007B4102 /* Debug */ = {
			isa = XCBuildConfiguration;
			buildSettings = {
				CODE_SIGN_STYLE = Automatic;
				COMBINE_HIDPI_IMAGES = YES;
				CURRENT_PROJECT_VERSION = 1;
				DEVELOPMENT_TEAM = H692JC22H4;
				GENERATE_INFOPLIST_FILE = YES;
				LD_RUNPATH_SEARCH_PATHS = (
					"$(inherited)",
					"@executable_path/../Frameworks",
					"@loader_path/../Frameworks",
				);
				MARKETING_VERSION = 1.0;
				PRODUCT_BUNDLE_IDENTIFIER = "com.aml-design.Sudoku-Solver-Tests";
				PRODUCT_NAME = "$(TARGET_NAME)";
				SWIFT_EMIT_LOC_STRINGS = NO;
				SWIFT_VERSION = 5.0;
			};
			name = Debug;
		};
		1A528DF827FC6034007B4102 /* Release */ = {
			isa = XCBuildConfiguration;
			buildSettings = {
				CODE_SIGN_STYLE = Automatic;
				COMBINE_HIDPI_IMAGES = YES;
				CURRENT_PROJECT_VERSION = 1;
				DEVELOPMENT_TEAM = H692JC22H4;
				GENERATE_INFOPLIST_FILE = YES;
				LD_RUNPATH_SEARCH_PATHS = (
					"$(inherited)",
					"@executable_path/../Frameworks",
					"@loader_path/../Frameworks",
				);
				MARKETING_VERSION = 1.0;
				PRODUCT_BUNDLE_IDENTIFIER = "com.aml-design.Sudoku-Solver-Tests";
				PRODUCT_NAME = "$(TARGET_NAME)";
				SWIFT_EMIT_LOC_STRINGS = NO;
				SWIFT_VERSION = 5.0;
			};
			name = Release;
		};
		1A528E0727FC68B4007B4102 /* Debug */ = {
			isa = XCBuildConfiguration;
			buildSettings = {
				CODE_SIGN_STYLE = Automatic;
				DEVELOPMENT_TEAM = H692JC22H4;
				ENABLE_HARDENED_RUNTIME = YES;
				PRODUCT_NAME = "$(TARGET_NAME)";
				SWIFT_VERSION = 5.0;
			};
			name = Debug;
		};
		1A528E0827FC68B4007B4102 /* Release */ = {
			isa = XCBuildConfiguration;
			buildSettings = {
				CODE_SIGN_STYLE = Automatic;
				DEVELOPMENT_TEAM = H692JC22H4;
				ENABLE_HARDENED_RUNTIME = YES;
				PRODUCT_NAME = "$(TARGET_NAME)";
				SWIFT_VERSION = 5.0;
			};
			name = Release;
		};
/* End XCBuildConfiguration section */

/* Begin XCConfigurationList section */
		1A528DD427FC52F9007B4102 /* Build configuration list for PBXProject "Sudoku" */ = {
			isa = XCConfigurationList;
			buildConfigurations = (
				1A528DDE27FC52F9007B4102 /* Debug */,
				1A528DDF27FC52F9007B4102 /* Release */,
			);
			defaultConfigurationIsVisible = 0;
			defaultConfigurationName = Release;
		};
		1A528DE027FC52F9007B4102 /* Build configuration list for PBXNativeTarget "Sudoku Solver" */ = {
			isa = XCConfigurationList;
			buildConfigurations = (
				1A528DE127FC52F9007B4102 /* Debug */,
				1A528DE227FC52F9007B4102 /* Release */,
			);
			defaultConfigurationIsVisible = 0;
			defaultConfigurationName = Release;
		};
		1A528DF627FC6034007B4102 /* Build configuration list for PBXNativeTarget "Sudoku Solver Tests" */ = {
			isa = XCConfigurationList;
			buildConfigurations = (
				1A528DF727FC6034007B4102 /* Debug */,
				1A528DF827FC6034007B4102 /* Release */,
			);
			defaultConfigurationIsVisible = 0;
			defaultConfigurationName = Release;
		};
		1A528E0627FC68B4007B4102 /* Build configuration list for PBXNativeTarget "Sudoku Generator" */ = {
			isa = XCConfigurationList;
			buildConfigurations = (
				1A528E0727FC68B4007B4102 /* Debug */,
				1A528E0827FC68B4007B4102 /* Release */,
			);
			defaultConfigurationIsVisible = 0;
			defaultConfigurationName = Release;
		};
/* End XCConfigurationList section */
	};
	rootObject = 1A528DD127FC52F9007B4102 /* Project object */;
}
